
Microsoft Visual Studio Solution File, Format Version 12.00
# Visual Studio 2015
Project("{FAE04EC0-301F-11D3-BF4B-00C04F79EFBC}") = "ProceduralTerrain.Plugins", "ProceduralTerrain.Plugins.csproj", "{4D1C132B-6391-633A-B24E-01FEB97251B7}"
EndProject
Project("{FAE04EC0-301F-11D3-BF4B-00C04F79EFBC}") = "ProceduralTerrain", "ProceduralTerrain.csproj", "{3ACDA120-8075-3642-4C83-68E2AF4416E5}"
EndProject
Project("{FAE04EC0-301F-11D3-BF4B-00C04F79EFBC}") = "ProceduralTerrain.Editor.Plugins", "ProceduralTerrain.Editor.Plugins.csproj", "{B49D4762-CA2F-577A-E6FB-84951C50FD45}"
EndProject
Project("{FAE04EC0-301F-11D3-BF4B-00C04F79EFBC}") = "ProceduralTerrain.Editor", "ProceduralTerrain.Editor.csproj", "{FA9AB4CF-61A2-58F6-5A00-1D3644B7B5C1}"
EndProject
Global
	GlobalSection(SolutionConfigurationPlatforms) = preSolution
		Debug|Any CPU = Debug|Any CPU
		Release|Any CPU = Release|Any CPU
	EndGlobalSection
	GlobalSection(ProjectConfigurationPlatforms) = postSolution
		{4D1C132B-6391-633A-B24E-01FEB97251B7}.Debug|Any CPU.ActiveCfg = Debug|Any CPU
		{4D1C132B-6391-633A-B24E-01FEB97251B7}.Debug|Any CPU.Build.0 = Debug|Any CPU
		{4D1C132B-6391-633A-B24E-01FEB97251B7}.Release|Any CPU.ActiveCfg = Release|Any CPU
		{4D1C132B-6391-633A-B24E-01FEB97251B7}.Release|Any CPU.Build.0 = Release|Any CPU
		{3ACDA120-8075-3642-4C83-68E2AF4416E5}.Debug|Any CPU.ActiveCfg = Debug|Any CPU
		{3ACDA120-8075-3642-4C83-68E2AF4416E5}.Debug|Any CPU.Build.0 = Debug|Any CPU
		{3ACDA120-8075-3642-4C83-68E2AF4416E5}.Release|Any CPU.ActiveCfg = Release|Any CPU
		{3ACDA120-8075-3642-4C83-68E2AF4416E5}.Release|Any CPU.Build.0 = Release|Any CPU
		{B49D4762-CA2F-577A-E6FB-84951C50FD45}.Debug|Any CPU.ActiveCfg = Debug|Any CPU
		{B49D4762-CA2F-577A-E6FB-84951C50FD45}.Debug|Any CPU.Build.0 = Debug|Any CPU
		{B49D4762-CA2F-577A-E6FB-84951C50FD45}.Release|Any CPU.ActiveCfg = Release|Any CPU
		{B49D4762-CA2F-577A-E6FB-84951C50FD45}.Release|Any CPU.Build.0 = Release|Any CPU
		{FA9AB4CF-61A2-58F6-5A00-1D3644B7B5C1}.Debug|Any CPU.ActiveCfg = Debug|Any CPU
		{FA9AB4CF-61A2-58F6-5A00-1D3644B7B5C1}.Debug|Any CPU.Build.0 = Debug|Any CPU
		{FA9AB4CF-61A2-58F6-5A00-1D3644B7B5C1}.Release|Any CPU.ActiveCfg = Release|Any CPU
		{FA9AB4CF-61A2-58F6-5A00-1D3644B7B5C1}.Release|Any CPU.Build.0 = Release|Any CPU
	EndGlobalSection
	GlobalSection(SolutionProperties) = preSolution
		HideSolutionNode = FALSE
	EndGlobalSection
EndGlobal
